// !$*UTF8*$!
{
	archiveVersion = 1;
	classes = {
	};
	objectVersion = 46;
	objects = {

/* Begin PBXBuildFile section */
		B19A6F2E1E2D1D8900B6410E /* AppDelegate.swift in Sources */ = {isa = PBXBuildFile; fileRef = B19A6F2D1E2D1D8900B6410E /* AppDelegate.swift */; };
		B19A6F301E2D1D8900B6410E /* ViewController.swift in Sources */ = {isa = PBXBuildFile; fileRef = B19A6F2F1E2D1D8900B6410E /* ViewController.swift */; };
		B19A6F331E2D1D8900B6410E /* Main.storyboard in Resources */ = {isa = PBXBuildFile; fileRef = B19A6F311E2D1D8900B6410E /* Main.storyboard */; };
		B19A6F351E2D1D8900B6410E /* Assets.xcassets in Resources */ = {isa = PBXBuildFile; fileRef = B19A6F341E2D1D8900B6410E /* Assets.xcassets */; };
		B19A6F381E2D1D8900B6410E /* LaunchScreen.storyboard in Resources */ = {isa = PBXBuildFile; fileRef = B19A6F361E2D1D8900B6410E /* LaunchScreen.storyboard */; };
		B19A6F431E2D1D8900B6410E /* FoodTrackerTests.swift in Sources */ = {isa = PBXBuildFile; fileRef = B19A6F421E2D1D8900B6410E /* FoodTrackerTests.swift */; };
/* End PBXBuildFile section */

/* Begin PBXContainerItemProxy section */
		B19A6F3F1E2D1D8900B6410E /* PBXContainerItemProxy */ = {
			isa = PBXContainerItemProxy;
			containerPortal = B19A6F221E2D1D8800B6410E /* Project object */;
			proxyType = 1;
			remoteGlobalIDString = B19A6F291E2D1D8800B6410E;
			remoteInfo = FoodTracker;
		};
/* End PBXContainerItemProxy section */

/* Begin PBXFileReference section */
		B19A6F2A1E2D1D8900B6410E /* FoodTracker.app */ = {isa = PBXFileReference; explicitFileType = wrapper.application; includeInIndex = 0; path = FoodTracker.app; sourceTree = BUILT_PRODUCTS_DIR; };
		B19A6F2D1E2D1D8900B6410E /* AppDelegate.swift */ = {isa = PBXFileReference; lastKnownFileType = sourcecode.swift; path = AppDelegate.swift; sourceTree = "<group>"; };
		B19A6F2F1E2D1D8900B6410E /* ViewController.swift */ = {isa = PBXFileReference; lastKnownFileType = sourcecode.swift; path = ViewController.swift; sourceTree = "<group>"; };
		B19A6F321E2D1D8900B6410E /* Base */ = {isa = PBXFileReference; lastKnownFileType = file.storyboard; name = Base; path = Base.lproj/Main.storyboard; sourceTree = "<group>"; };
		B19A6F341E2D1D8900B6410E /* Assets.xcassets */ = {isa = PBXFileReference; lastKnownFileType = folder.assetcatalog; path = Assets.xcassets; sourceTree = "<group>"; };
		B19A6F371E2D1D8900B6410E /* Base */ = {isa = PBXFileReference; lastKnownFileType = file.storyboard; name = Base; path = Base.lproj/LaunchScreen.storyboard; sourceTree = "<group>"; };
		B19A6F391E2D1D8900B6410E /* Info.plist */ = {isa = PBXFileReference; lastKnownFileType = text.plist.xml; path = Info.plist; sourceTree = "<group>"; };
		B19A6F3E1E2D1D8900B6410E /* FoodTrackerTests.xctest */ = {isa = PBXFileReference; explicitFileType = wrapper.cfbundle; includeInIndex = 0; path = FoodTrackerTests.xctest; sourceTree = BUILT_PRODUCTS_DIR; };
		B19A6F421E2D1D8900B6410E /* FoodTrackerTests.swift */ = {isa = PBXFileReference; lastKnownFileType = sourcecode.swift; path = FoodTrackerTests.swift; sourceTree = "<group>"; };
		B19A6F441E2D1D8900B6410E /* Info.plist */ = {isa = PBXFileReference; lastKnownFileType = text.plist.xml; path = Info.plist; sourceTree = "<group>"; };
/* End PBXFileReference section */

/* Begin PBXFrameworksBuildPhase section */
		B19A6F271E2D1D8800B6410E /* Frameworks */ = {
			isa = PBXFrameworksBuildPhase;
			buildActionMask = 2147483647;
			files = (
			);
			runOnlyForDeploymentPostprocessing = 0;
		};
		B19A6F3B1E2D1D8900B6410E /* Frameworks */ = {
			isa = PBXFrameworksBuildPhase;
			buildActionMask = 2147483647;
			files = (
			);
			runOnlyForDeploymentPostprocessing = 0;
		};
/* End PBXFrameworksBuildPhase section */

/* Begin PBXGroup section */
		B19A6F211E2D1D8800B6410E = {
			isa = PBXGroup;
			children = (
				B19A6F2C1E2D1D8900B6410E /* FoodTracker */,
				B19A6F411E2D1D8900B6410E /* FoodTrackerTests */,
				B19A6F2B1E2D1D8900B6410E /* Products */,
			);
			sourceTree = "<group>";
		};
		B19A6F2B1E2D1D8900B6410E /* Products */ = {
			isa = PBXGroup;
			children = (
				B19A6F2A1E2D1D8900B6410E /* FoodTracker.app */,
				B19A6F3E1E2D1D8900B6410E /* FoodTrackerTests.xctest */,
			);
			name = Products;
			sourceTree = "<group>";
		};
		B19A6F2C1E2D1D8900B6410E /* FoodTracker */ = {
			isa = PBXGroup;
			children = (
				B19A6F2D1E2D1D8900B6410E /* AppDelegate.swift */,
				B19A6F2F1E2D1D8900B6410E /* ViewController.swift */,
				B19A6F311E2D1D8900B6410E /* Main.storyboard */,
				B19A6F341E2D1D8900B6410E /* Assets.xcassets */,
				B19A6F361E2D1D8900B6410E /* LaunchScreen.storyboard */,
				B19A6F391E2D1D8900B6410E /* Info.plist */,
			);
			path = FoodTracker;
			sourceTree = "<group>";
		};
		B19A6F411E2D1D8900B6410E /* FoodTrackerTests */ = {
			isa = PBXGroup;
			children = (
				B19A6F421E2D1D8900B6410E /* FoodTrackerTests.swift */,
				B19A6F441E2D1D8900B6410E /* Info.plist */,
			);
			path = FoodTrackerTests;
			sourceTree = "<group>";
		};
/* End PBXGroup section */

/* Begin PBXNativeTarget section */
		B19A6F291E2D1D8800B6410E /* FoodTracker */ = {
			isa = PBXNativeTarget;
			buildConfigurationList = B19A6F471E2D1D8900B6410E /* Build configuration list for PBXNativeTarget "FoodTracker" */;
			buildPhases = (
				B19A6F261E2D1D8800B6410E /* Sources */,
				B19A6F271E2D1D8800B6410E /* Frameworks */,
				B19A6F281E2D1D8800B6410E /* Resources */,
			);
			buildRules = (
			);
			dependencies = (
			);
			name = FoodTracker;
			productName = FoodTracker;
			productReference = B19A6F2A1E2D1D8900B6410E /* FoodTracker.app */;
			productType = "com.apple.product-type.application";
		};
		B19A6F3D1E2D1D8900B6410E /* FoodTrackerTests */ = {
			isa = PBXNativeTarget;
			buildConfigurationList = B19A6F4A1E2D1D8900B6410E /* Build configuration list for PBXNativeTarget "FoodTrackerTests" */;
			buildPhases = (
				B19A6F3A1E2D1D8900B6410E /* Sources */,
				B19A6F3B1E2D1D8900B6410E /* Frameworks */,
				B19A6F3C1E2D1D8900B6410E /* Resources */,
			);
			buildRules = (
			);
			dependencies = (
				B19A6F401E2D1D8900B6410E /* PBXTargetDependency */,
			);
			name = FoodTrackerTests;
			productName = FoodTrackerTests;
			productReference = B19A6F3E1E2D1D8900B6410E /* FoodTrackerTests.xctest */;
			productType = "com.apple.product-type.bundle.unit-test";
		};
/* End PBXNativeTarget section */

/* Begin PBXProject section */
		B19A6F221E2D1D8800B6410E /* Project object */ = {
			isa = PBXProject;
			attributes = {
				LastSwiftUpdateCheck = 0820;
				LastUpgradeCheck = 0820;
				TargetAttributes = {
					B19A6F291E2D1D8800B6410E = {
						CreatedOnToolsVersion = 8.2.1;
						ProvisioningStyle = Automatic;
					};
					B19A6F3D1E2D1D8900B6410E = {
						CreatedOnToolsVersion = 8.2.1;
						ProvisioningStyle = Automatic;
						TestTargetID = B19A6F291E2D1D8800B6410E;
					};
				};
			};
			buildConfigurationList = B19A6F251E2D1D8800B6410E /* Build configuration list for PBXProject "FoodTracker" */;
			compatibilityVersion = "Xcode 3.2";
			developmentRegion = English;
			hasScannedForEncodings = 0;
			knownRegions = (
				en,
				Base,
			);
			mainGroup = B19A6F211E2D1D8800B6410E;
			productRefGroup = B19A6F2B1E2D1D8900B6410E /* Products */;
			projectDirPath = "";
			projectRoot = "";
			targets = (
				B19A6F291E2D1D8800B6410E /* FoodTracker */,
				B19A6F3D1E2D1D8900B6410E /* FoodTrackerTests */,
			);
		};
/* End PBXProject section */

/* Begin PBXResourcesBuildPhase section */
		B19A6F281E2D1D8800B6410E /* Resources */ = {
			isa = PBXResourcesBuildPhase;
			buildActionMask = 2147483647;
			files = (
				B19A6F381E2D1D8900B6410E /* LaunchScreen.storyboard in Resources */,
				B19A6F351E2D1D8900B6410E /* Assets.xcassets in Resources */,
				B19A6F331E2D1D8900B6410E /* Main.storyboard in Resources */,
			);
			runOnlyForDeploymentPostprocessing = 0;
		};
		B19A6F3C1E2D1D8900B6410E /* Resources */ = {
			isa = PBXResourcesBuildPhase;
			buildActionMask = 2147483647;
			files = (
			);
			runOnlyForDeploymentPostprocessing = 0;
		};
/* End PBXResourcesBuildPhase section */

/* Begin PBXSourcesBuildPhase section */
		B19A6F261E2D1D8800B6410E /* Sources */ = {
			isa = PBXSourcesBuildPhase;
			buildActionMask = 2147483647;
			files = (
				B19A6F301E2D1D8900B6410E /* ViewController.swift in Sources */,
				B19A6F2E1E2D1D8900B6410E /* AppDelegate.swift in Sources */,
			);
			runOnlyForDeploymentPostprocessing = 0;
		};
		B19A6F3A1E2D1D8900B6410E /* Sources */ = {
			isa = PBXSourcesBuildPhase;
			buildActionMask = 2147483647;
			files = (
				B19A6F431E2D1D8900B6410E /* FoodTrackerTests.swift in Sources */,
			);
			runOnlyForDeploymentPostprocessing = 0;
		};
/* End PBXSourcesBuildPhase section */

/* Begin PBXTargetDependency section */
		B19A6F401E2D1D8900B6410E /* PBXTargetDependency */ = {
			isa = PBXTargetDependency;
			target = B19A6F291E2D1D8800B6410E /* FoodTracker */;
			targetProxy = B19A6F3F1E2D1D8900B6410E /* PBXContainerItemProxy */;
		};
/* End PBXTargetDependency section */

/* Begin PBXVariantGroup section */
		B19A6F311E2D1D8900B6410E /* Main.storyboard */ = {
			isa = PBXVariantGroup;
			children = (
				B19A6F321E2D1D8900B6410E /* Base */,
			);
			name = Main.storyboard;
			sourceTree = "<group>";
		};
		B19A6F361E2D1D8900B6410E /* LaunchScreen.storyboard */ = {
			isa = PBXVariantGroup;
			children = (
				B19A6F371E2D1D8900B6410E /* Base */,
			);
			name = LaunchScreen.storyboard;
			sourceTree = "<group>";
		};
/* End PBXVariantGroup section */

/* Begin XCBuildConfiguration section */
		B19A6F451E2D1D8900B6410E /* Debug */ = {
			isa = XCBuildConfiguration;
			buildSettings = {
				ALWAYS_SEARCH_USER_PATHS = NO;
				CLANG_ANALYZER_NONNULL = YES;
				CLANG_CXX_LANGUAGE_STANDARD = "gnu++0x";
				CLANG_CXX_LIBRARY = "libc++";
				CLANG_ENABLE_MODULES = YES;
				CLANG_ENABLE_OBJC_ARC = YES;
				CLANG_WARN_BOOL_CONVERSION = YES;
				CLANG_WARN_CONSTANT_CONVERSION = YES;
				CLANG_WARN_DIRECT_OBJC_ISA_USAGE = YES_ERROR;
				CLANG_WARN_DOCUMENTATION_COMMENTS = YES;
				CLANG_WARN_EMPTY_BODY = YES;
				CLANG_WARN_ENUM_CONVERSION = YES;
				CLANG_WARN_INFINITE_RECURSION = YES;
				CLANG_WARN_INT_CONVERSION = YES;
				CLANG_WARN_OBJC_ROOT_CLASS = YES_ERROR;
				CLANG_WARN_SUSPICIOUS_MOVE = YES;
				CLANG_WARN_UNREACHABLE_CODE = YES;
				CLANG_WARN__DUPLICATE_METHOD_MATCH = YES;
				"CODE_SIGN_IDENTITY[sdk=iphoneos*]" = "iPhone Developer";
				COPY_PHASE_STRIP = NO;
				DEBUG_INFORMATION_FORMAT = dwarf;
				ENABLE_STRICT_OBJC_MSGSEND = YES;
				ENABLE_TESTABILITY = YES;
				GCC_C_LANGUAGE_STANDARD = gnu99;
				GCC_DYNAMIC_NO_PIC = NO;
				GCC_NO_COMMON_BLOCKS = YES;
				GCC_OPTIMIZATION_LEVEL = 0;
				GCC_PREPROCESSOR_DEFINITIONS = (
					"DEBUG=1",
					"$(inherited)",
				);
				GCC_WARN_64_TO_32_BIT_CONVERSION = YES;
				GCC_WARN_ABOUT_RETURN_TYPE = YES_ERROR;
				GCC_WARN_UNDECLARED_SELECTOR = YES;
				GCC_WARN_UNINITIALIZED_AUTOS = YES_AGGRESSIVE;
				GCC_WARN_UNUSED_FUNCTION = YES;
				GCC_WARN_UNUSED_VARIABLE = YES;
				IPHONEOS_DEPLOYMENT_TARGET = 10.2;
				MTL_ENABLE_DEBUG_INFO = YES;
				ONLY_ACTIVE_ARCH = YES;
				SDKROOT = iphoneos;
				SWIFT_ACTIVE_COMPILATION_CONDITIONS = DEBUG;
				SWIFT_OPTIMIZATION_LEVEL = "-Onone";
				TARGETED_DEVICE_FAMILY = "1,2";
			};
			name = Debug;
		};
		B19A6F461E2D1D8900B6410E /* Release */ = {
			isa = XCBuildConfiguration;
			buildSettings = {
				ALWAYS_SEARCH_USER_PATHS = NO;
				CLANG_ANALYZER_NONNULL = YES;
				CLANG_CXX_LANGUAGE_STANDARD = "gnu++0x";
				CLANG_CXX_LIBRARY = "libc++";
				CLANG_ENABLE_MODULES = YES;
				CLANG_ENABLE_OBJC_ARC = YES;
				CLANG_WARN_BOOL_CONVERSION = YES;
				CLANG_WARN_CONSTANT_CONVERSION = YES;
				CLANG_WARN_DIRECT_OBJC_ISA_USAGE = YES_ERROR;
				CLANG_WARN_DOCUMENTATION_COMMENTS = YES;
				CLANG_WARN_EMPTY_BODY = YES;
				CLANG_WARN_ENUM_CONVERSION = YES;
				CLANG_WARN_INFINITE_RECURSION = YES;
				CLANG_WARN_INT_CONVERSION = YES;
				CLANG_WARN_OBJC_ROOT_CLASS = YES_ERROR;
				CLANG_WARN_SUSPICIOUS_MOVE = YES;
				CLANG_WARN_UNREACHABLE_CODE = YES;
				CLANG_WARN__DUPLICATE_METHOD_MATCH = YES;
				"CODE_SIGN_IDENTITY[sdk=iphoneos*]" = "iPhone Developer";
				COPY_PHASE_STRIP = NO;
				DEBUG_INFORMATION_FORMAT = "dwarf-with-dsym";
				ENABLE_NS_ASSERTIONS = NO;
				ENABLE_STRICT_OBJC_MSGSEND = YES;
				GCC_C_LANGUAGE_STANDARD = gnu99;
				GCC_NO_COMMON_BLOCKS = YES;
				GCC_WARN_64_TO_32_BIT_CONVERSION = YES;
				GCC_WARN_ABOUT_RETURN_TYPE = YES_ERROR;
				GCC_WARN_UNDECLARED_SELECTOR = YES;
				GCC_WARN_UNINITIALIZED_AUTOS = YES_AGGRESSIVE;
				GCC_WARN_UNUSED_FUNCTION = YES;
				GCC_WARN_UNUSED_VARIABLE = YES;
				IPHONEOS_DEPLOYMENT_TARGET = 10.2;
				MTL_ENABLE_DEBUG_INFO = NO;
				SDKROOT = iphoneos;
				SWIFT_OPTIMIZATION_LEVEL = "-Owholemodule";
				TARGETED_DEVICE_FAMILY = "1,2";
				VALIDATE_PRODUCT = YES;
			};
			name = Release;
		};
		B19A6F481E2D1D8900B6410E /* Debug */ = {
			isa = XCBuildConfiguration;
			buildSettings = {
				ASSETCATALOG_COMPILER_APPICON_NAME = AppIcon;
				INFOPLIST_FILE = FoodTracker/Info.plist;
				LD_RUNPATH_SEARCH_PATHS = "$(inherited) @executable_path/Frameworks";
				PRODUCT_BUNDLE_IDENTIFIER = apps47.FoodTracker;
				PRODUCT_NAME = "$(TARGET_NAME)";
				SWIFT_VERSION = 3.0;
			};
			name = Debug;
		};
		B19A6F491E2D1D8900B6410E /* Release */ = {
			isa = XCBuildConfiguration;
			buildSettings = {
				ASSETCATALOG_COMPILER_APPICON_NAME = AppIcon;
				INFOPLIST_FILE = FoodTracker/Info.plist;
				LD_RUNPATH_SEARCH_PATHS = "$(inherited) @executable_path/Frameworks";
				PRODUCT_BUNDLE_IDENTIFIER = apps47.FoodTracker;
				PRODUCT_NAME = "$(TARGET_NAME)";
				SWIFT_VERSION = 3.0;
			};
			name = Release;
		};
		B19A6F4B1E2D1D8900B6410E /* Debug */ = {
			isa = XCBuildConfiguration;
			buildSettings = {
				ALWAYS_EMBED_SWIFT_STANDARD_LIBRARIES = YES;
				BUNDLE_LOADER = "$(TEST_HOST)";
				INFOPLIST_FILE = FoodTrackerTests/Info.plist;
				LD_RUNPATH_SEARCH_PATHS = "$(inherited) @executable_path/Frameworks @loader_path/Frameworks";
				PRODUCT_BUNDLE_IDENTIFIER = apps47.FoodTrackerTests;
				PRODUCT_NAME = "$(TARGET_NAME)";
				SWIFT_VERSION = 3.0;
				TEST_HOST = "$(BUILT_PRODUCTS_DIR)/FoodTracker.app/FoodTracker";
			};
			name = Debug;
		};
		B19A6F4C1E2D1D8900B6410E /* Release */ = {
			isa = XCBuildConfiguration;
			buildSettings = {
				ALWAYS_EMBED_SWIFT_STANDARD_LIBRARIES = YES;
				BUNDLE_LOADER = "$(TEST_HOST)";
				INFOPLIST_FILE = FoodTrackerTests/Info.plist;
				LD_RUNPATH_SEARCH_PATHS = "$(inherited) @executable_path/Frameworks @loader_path/Frameworks";
				PRODUCT_BUNDLE_IDENTIFIER = apps47.FoodTrackerTests;
				PRODUCT_NAME = "$(TARGET_NAME)";
				SWIFT_VERSION = 3.0;
				TEST_HOST = "$(BUILT_PRODUCTS_DIR)/FoodTracker.app/FoodTracker";
			};
			name = Release;
		};
/* End XCBuildConfiguration section */

/* Begin XCConfigurationList section */
		B19A6F251E2D1D8800B6410E /* Build configuration list for PBXProject "FoodTracker" */ = {
			isa = XCConfigurationList;
			buildConfigurations = (
				B19A6F451E2D1D8900B6410E /* Debug */,
				B19A6F461E2D1D8900B6410E /* Release */,
			);
			defaultConfigurationIsVisible = 0;
			defaultConfigurationName = Release;
		};
		B19A6F471E2D1D8900B6410E /* Build configuration list for PBXNativeTarget "FoodTracker" */ = {
			isa = XCConfigurationList;
			buildConfigurations = (
				B19A6F481E2D1D8900B6410E /* Debug */,
				B19A6F491E2D1D8900B6410E /* Release */,
			);
			defaultConfigurationIsVisible = 0;
		};
		B19A6F4A1E2D1D8900B6410E /* Build configuration list for PBXNativeTarget "FoodTrackerTests" */ = {
			isa = XCConfigurationList;
			buildConfigurations = (
				B19A6F4B1E2D1D8900B6410E /* Debug */,
				B19A6F4C1E2D1D8900B6410E /* Release */,
			);
			defaultConfigurationIsVisible = 0;
		};
/* End XCConfigurationList section */
	};
	rootObject = B19A6F221E2D1D8800B6410E /* Project object */;
}
